// !$*UTF8*$!
{
	archiveVersion = 1;
	classes = {
	};
	objectVersion = 52;
	objects = {

/* Begin PBXBuildFile section */
		1813868B2515B3BE007767F8 /* AppDelegate.swift in Sources */ = {isa = PBXBuildFile; fileRef = 1813868A2515B3BE007767F8 /* AppDelegate.swift */; };
		1813868D2515B3BE007767F8 /* SceneDelegate.swift in Sources */ = {isa = PBXBuildFile; fileRef = 1813868C2515B3BE007767F8 /* SceneDelegate.swift */; };
		1813868F2515B3BE007767F8 /* ViewController.swift in Sources */ = {isa = PBXBuildFile; fileRef = 1813868E2515B3BE007767F8 /* ViewController.swift */; };
		181386922515B3BE007767F8 /* Main.storyboard in Resources */ = {isa = PBXBuildFile; fileRef = 181386902515B3BE007767F8 /* Main.storyboard */; };
		181386942515B3C1007767F8 /* Assets.xcassets in Resources */ = {isa = PBXBuildFile; fileRef = 181386932515B3C1007767F8 /* Assets.xcassets */; };
		181386972515B3C1007767F8 /* LaunchScreen.storyboard in Resources */ = {isa = PBXBuildFile; fileRef = 181386952515B3C1007767F8 /* LaunchScreen.storyboard */; };
		181386A02515B9FD007767F8 /* Cosmos in Frameworks */ = {isa = PBXBuildFile; productRef = 1813869F2515B9FD007767F8 /* Cosmos */; };
		181386A52515BA38007767F8 /* SearchAPI.swift in Sources */ = {isa = PBXBuildFile; fileRef = 181386A42515BA38007767F8 /* SearchAPI.swift */; };
		181386A72515BA5B007767F8 /* SearchInfo.swift in Sources */ = {isa = PBXBuildFile; fileRef = 181386A62515BA5B007767F8 /* SearchInfo.swift */; };
		181386A92515BA83007767F8 /* APIResponse.swift in Sources */ = {isa = PBXBuildFile; fileRef = 181386A82515BA83007767F8 /* APIResponse.swift */; };
		181386AB2515BAA3007767F8 /* UserDefaultManager.swift in Sources */ = {isa = PBXBuildFile; fileRef = 181386AA2515BAA3007767F8 /* UserDefaultManager.swift */; };
		181386AF2515BB3F007767F8 /* SearchViewCtr.swift in Sources */ = {isa = PBXBuildFile; fileRef = 181386AE2515BB3F007767F8 /* SearchViewCtr.swift */; };
		181386B32515BC32007767F8 /* SearchDetailCell.swift in Sources */ = {isa = PBXBuildFile; fileRef = 181386B12515BC32007767F8 /* SearchDetailCell.swift */; };
		181386B42515BC32007767F8 /* SearchDetailCell.xib in Resources */ = {isa = PBXBuildFile; fileRef = 181386B22515BC32007767F8 /* SearchDetailCell.xib */; };
		181386B72515BC4F007767F8 /* SearchRelatedCell.swift in Sources */ = {isa = PBXBuildFile; fileRef = 181386B52515BC4F007767F8 /* SearchRelatedCell.swift */; };
		181386B82515BC4F007767F8 /* SearchRelatedCell.xib in Resources */ = {isa = PBXBuildFile; fileRef = 181386B62515BC4F007767F8 /* SearchRelatedCell.xib */; };
		181386BC2515CC20007767F8 /* SearchRecentCell.swift in Sources */ = {isa = PBXBuildFile; fileRef = 181386BA2515CC20007767F8 /* SearchRecentCell.swift */; };
		181386BD2515CC20007767F8 /* SearchRecentCell.xib in Resources */ = {isa = PBXBuildFile; fileRef = 181386BB2515CC20007767F8 /* SearchRecentCell.xib */; };
		1819850025170F4F0047459B /* ReleaseDropCell.swift in Sources */ = {isa = PBXBuildFile; fileRef = 181984FE25170F4F0047459B /* ReleaseDropCell.swift */; };
		1819850125170F4F0047459B /* ReleaseDropCell.xib in Resources */ = {isa = PBXBuildFile; fileRef = 181984FF25170F4F0047459B /* ReleaseDropCell.xib */; };
		18198503251715260047459B /* Extension.swift in Sources */ = {isa = PBXBuildFile; fileRef = 18198502251715260047459B /* Extension.swift */; };
		1838D0C22517216E0075422A /* ProviderCell.swift in Sources */ = {isa = PBXBuildFile; fileRef = 1838D0C02517216E0075422A /* ProviderCell.swift */; };
		1838D0C32517216E0075422A /* ProviderCell.xib in Resources */ = {isa = PBXBuildFile; fileRef = 1838D0C12517216E0075422A /* ProviderCell.xib */; };
		1838D0C8251721A50075422A /* DetailCommonCell.swift in Sources */ = {isa = PBXBuildFile; fileRef = 1838D0C6251721A50075422A /* DetailCommonCell.swift */; };
		1838D0C9251721A50075422A /* DetailCommonCell.xib in Resources */ = {isa = PBXBuildFile; fileRef = 1838D0C7251721A50075422A /* DetailCommonCell.xib */; };
		184846762515E5A000946FAA /* SearchDetailVewCtr.swift in Sources */ = {isa = PBXBuildFile; fileRef = 184846752515E5A000946FAA /* SearchDetailVewCtr.swift */; };
		1848467F251601B300946FAA /* SearchResultHeaderCell.swift in Sources */ = {isa = PBXBuildFile; fileRef = 1848467D251601B300946FAA /* SearchResultHeaderCell.swift */; };
		1848469925163E8200946FAA /* DetailCollectionCell.swift in Sources */ = {isa = PBXBuildFile; fileRef = 1848469725163E8200946FAA /* DetailCollectionCell.swift */; };
		1848469A25163E8200946FAA /* DetailCollectionCell.xib in Resources */ = {isa = PBXBuildFile; fileRef = 1848469825163E8200946FAA /* DetailCollectionCell.xib */; };
		1848469D25163EAC00946FAA /* DetailTableCell.swift in Sources */ = {isa = PBXBuildFile; fileRef = 1848469B25163EAC00946FAA /* DetailTableCell.swift */; };
		1848469E25163EAC00946FAA /* DetailTableCell.xib in Resources */ = {isa = PBXBuildFile; fileRef = 1848469C25163EAC00946FAA /* DetailTableCell.xib */; };
		184846A025164B7900946FAA /* SearchResultHeaderCell.xib in Resources */ = {isa = PBXBuildFile; fileRef = 1848469F25164B7900946FAA /* SearchResultHeaderCell.xib */; };
		184846A2251653E800946FAA /* ScreenShotViewCtr.swift in Sources */ = {isa = PBXBuildFile; fileRef = 184846A1251653E800946FAA /* ScreenShotViewCtr.swift */; };
		184846A62516542600946FAA /* ScreenShotViewCtr.storyboard in Resources */ = {isa = PBXBuildFile; fileRef = 184846A52516542600946FAA /* ScreenShotViewCtr.storyboard */; };
		184846A9251654B800946FAA /* ScreenShotTableCell.swift in Sources */ = {isa = PBXBuildFile; fileRef = 184846A7251654B800946FAA /* ScreenShotTableCell.swift */; };
		184846AA251654B800946FAA /* ScreenShotTableCell.xib in Resources */ = {isa = PBXBuildFile; fileRef = 184846A8251654B800946FAA /* ScreenShotTableCell.xib */; };
		184846AD251654DA00946FAA /* ScreenShotCollectionCell.swift in Sources */ = {isa = PBXBuildFile; fileRef = 184846AB251654DA00946FAA /* ScreenShotCollectionCell.swift */; };
		184846AE251654DA00946FAA /* ScreenShotCollectionCell.xib in Resources */ = {isa = PBXBuildFile; fileRef = 184846AC251654DA00946FAA /* ScreenShotCollectionCell.xib */; };
		18682F7D2516EF27009E135B /* DesDropTableCell.swift in Sources */ = {isa = PBXBuildFile; fileRef = 18682F7B2516EF27009E135B /* DesDropTableCell.swift */; };
		18682F7E2516EF27009E135B /* DesDropTableCell.xib in Resources */ = {isa = PBXBuildFile; fileRef = 18682F7C2516EF27009E135B /* DesDropTableCell.xib */; };
/* End PBXBuildFile section */

/* Begin PBXFileReference section */
		181386872515B3BE007767F8 /* Search_Swift.app */ = {isa = PBXFileReference; explicitFileType = wrapper.application; includeInIndex = 0; path = Search_Swift.app; sourceTree = BUILT_PRODUCTS_DIR; };
		1813868A2515B3BE007767F8 /* AppDelegate.swift */ = {isa = PBXFileReference; lastKnownFileType = sourcecode.swift; path = AppDelegate.swift; sourceTree = "<group>"; };
		1813868C2515B3BE007767F8 /* SceneDelegate.swift */ = {isa = PBXFileReference; lastKnownFileType = sourcecode.swift; path = SceneDelegate.swift; sourceTree = "<group>"; };
		1813868E2515B3BE007767F8 /* ViewController.swift */ = {isa = PBXFileReference; lastKnownFileType = sourcecode.swift; path = ViewController.swift; sourceTree = "<group>"; };
		181386912515B3BE007767F8 /* Base */ = {isa = PBXFileReference; lastKnownFileType = file.storyboard; name = Base; path = Base.lproj/Main.storyboard; sourceTree = "<group>"; };
		181386932515B3C1007767F8 /* Assets.xcassets */ = {isa = PBXFileReference; lastKnownFileType = folder.assetcatalog; path = Assets.xcassets; sourceTree = "<group>"; };
		181386962515B3C1007767F8 /* Base */ = {isa = PBXFileReference; lastKnownFileType = file.storyboard; name = Base; path = Base.lproj/LaunchScreen.storyboard; sourceTree = "<group>"; };
		181386982515B3C1007767F8 /* Info.plist */ = {isa = PBXFileReference; lastKnownFileType = text.plist.xml; path = Info.plist; sourceTree = "<group>"; };
		181386A42515BA38007767F8 /* SearchAPI.swift */ = {isa = PBXFileReference; lastKnownFileType = sourcecode.swift; path = SearchAPI.swift; sourceTree = "<group>"; };
		181386A62515BA5B007767F8 /* SearchInfo.swift */ = {isa = PBXFileReference; lastKnownFileType = sourcecode.swift; path = SearchInfo.swift; sourceTree = "<group>"; };
		181386A82515BA83007767F8 /* APIResponse.swift */ = {isa = PBXFileReference; lastKnownFileType = sourcecode.swift; path = APIResponse.swift; sourceTree = "<group>"; };
		181386AA2515BAA3007767F8 /* UserDefaultManager.swift */ = {isa = PBXFileReference; lastKnownFileType = sourcecode.swift; path = UserDefaultManager.swift; sourceTree = "<group>"; };
		181386AE2515BB3F007767F8 /* SearchViewCtr.swift */ = {isa = PBXFileReference; lastKnownFileType = sourcecode.swift; path = SearchViewCtr.swift; sourceTree = "<group>"; };
		181386B12515BC32007767F8 /* SearchDetailCell.swift */ = {isa = PBXFileReference; lastKnownFileType = sourcecode.swift; path = SearchDetailCell.swift; sourceTree = "<group>"; };
		181386B22515BC32007767F8 /* SearchDetailCell.xib */ = {isa = PBXFileReference; lastKnownFileType = file.xib; path = SearchDetailCell.xib; sourceTree = "<group>"; };
		181386B52515BC4F007767F8 /* SearchRelatedCell.swift */ = {isa = PBXFileReference; lastKnownFileType = sourcecode.swift; path = SearchRelatedCell.swift; sourceTree = "<group>"; };
		181386B62515BC4F007767F8 /* SearchRelatedCell.xib */ = {isa = PBXFileReference; lastKnownFileType = file.xib; path = SearchRelatedCell.xib; sourceTree = "<group>"; };
		181386BA2515CC20007767F8 /* SearchRecentCell.swift */ = {isa = PBXFileReference; lastKnownFileType = sourcecode.swift; path = SearchRecentCell.swift; sourceTree = "<group>"; };
		181386BB2515CC20007767F8 /* SearchRecentCell.xib */ = {isa = PBXFileReference; lastKnownFileType = file.xib; path = SearchRecentCell.xib; sourceTree = "<group>"; };
		181984FE25170F4F0047459B /* ReleaseDropCell.swift */ = {isa = PBXFileReference; lastKnownFileType = sourcecode.swift; path = ReleaseDropCell.swift; sourceTree = "<group>"; };
		181984FF25170F4F0047459B /* ReleaseDropCell.xib */ = {isa = PBXFileReference; lastKnownFileType = file.xib; path = ReleaseDropCell.xib; sourceTree = "<group>"; };
		18198502251715260047459B /* Extension.swift */ = {isa = PBXFileReference; lastKnownFileType = sourcecode.swift; path = Extension.swift; sourceTree = "<group>"; };
		1838D0C02517216E0075422A /* ProviderCell.swift */ = {isa = PBXFileReference; lastKnownFileType = sourcecode.swift; path = ProviderCell.swift; sourceTree = "<group>"; };
		1838D0C12517216E0075422A /* ProviderCell.xib */ = {isa = PBXFileReference; lastKnownFileType = file.xib; path = ProviderCell.xib; sourceTree = "<group>"; };
		1838D0C6251721A50075422A /* DetailCommonCell.swift */ = {isa = PBXFileReference; lastKnownFileType = sourcecode.swift; path = DetailCommonCell.swift; sourceTree = "<group>"; };
		1838D0C7251721A50075422A /* DetailCommonCell.xib */ = {isa = PBXFileReference; lastKnownFileType = file.xib; path = DetailCommonCell.xib; sourceTree = "<group>"; };
		184846752515E5A000946FAA /* SearchDetailVewCtr.swift */ = {isa = PBXFileReference; lastKnownFileType = sourcecode.swift; path = SearchDetailVewCtr.swift; sourceTree = "<group>"; };
		1848467D251601B300946FAA /* SearchResultHeaderCell.swift */ = {isa = PBXFileReference; lastKnownFileType = sourcecode.swift; path = SearchResultHeaderCell.swift; sourceTree = "<group>"; };
		1848469725163E8200946FAA /* DetailCollectionCell.swift */ = {isa = PBXFileReference; lastKnownFileType = sourcecode.swift; path = DetailCollectionCell.swift; sourceTree = "<group>"; };
		1848469825163E8200946FAA /* DetailCollectionCell.xib */ = {isa = PBXFileReference; lastKnownFileType = file.xib; path = DetailCollectionCell.xib; sourceTree = "<group>"; };
		1848469B25163EAC00946FAA /* DetailTableCell.swift */ = {isa = PBXFileReference; lastKnownFileType = sourcecode.swift; path = DetailTableCell.swift; sourceTree = "<group>"; };
		1848469C25163EAC00946FAA /* DetailTableCell.xib */ = {isa = PBXFileReference; lastKnownFileType = file.xib; path = DetailTableCell.xib; sourceTree = "<group>"; };
		1848469F25164B7900946FAA /* SearchResultHeaderCell.xib */ = {isa = PBXFileReference; fileEncoding = 4; lastKnownFileType = file.xib; path = SearchResultHeaderCell.xib; sourceTree = "<group>"; };
		184846A1251653E800946FAA /* ScreenShotViewCtr.swift */ = {isa = PBXFileReference; lastKnownFileType = sourcecode.swift; path = ScreenShotViewCtr.swift; sourceTree = "<group>"; };
		184846A52516542600946FAA /* ScreenShotViewCtr.storyboard */ = {isa = PBXFileReference; lastKnownFileType = file.storyboard; path = ScreenShotViewCtr.storyboard; sourceTree = "<group>"; };
		184846A7251654B800946FAA /* ScreenShotTableCell.swift */ = {isa = PBXFileReference; lastKnownFileType = sourcecode.swift; path = ScreenShotTableCell.swift; sourceTree = "<group>"; };
		184846A8251654B800946FAA /* ScreenShotTableCell.xib */ = {isa = PBXFileReference; lastKnownFileType = file.xib; path = ScreenShotTableCell.xib; sourceTree = "<group>"; };
		184846AB251654DA00946FAA /* ScreenShotCollectionCell.swift */ = {isa = PBXFileReference; lastKnownFileType = sourcecode.swift; path = ScreenShotCollectionCell.swift; sourceTree = "<group>"; };
		184846AC251654DA00946FAA /* ScreenShotCollectionCell.xib */ = {isa = PBXFileReference; lastKnownFileType = file.xib; path = ScreenShotCollectionCell.xib; sourceTree = "<group>"; };
		18682F7B2516EF27009E135B /* DesDropTableCell.swift */ = {isa = PBXFileReference; lastKnownFileType = sourcecode.swift; path = DesDropTableCell.swift; sourceTree = "<group>"; };
		18682F7C2516EF27009E135B /* DesDropTableCell.xib */ = {isa = PBXFileReference; lastKnownFileType = file.xib; path = DesDropTableCell.xib; sourceTree = "<group>"; };
/* End PBXFileReference section */

/* Begin PBXFrameworksBuildPhase section */
		181386842515B3BE007767F8 /* Frameworks */ = {
			isa = PBXFrameworksBuildPhase;
			buildActionMask = 2147483647;
			files = (
				181386A02515B9FD007767F8 /* Cosmos in Frameworks */,
			);
			runOnlyForDeploymentPostprocessing = 0;
		};
/* End PBXFrameworksBuildPhase section */

/* Begin PBXGroup section */
		1813867E2515B3BE007767F8 = {
			isa = PBXGroup;
			children = (
				181386892515B3BE007767F8 /* Search_Swift */,
				181386882515B3BE007767F8 /* Products */,
			);
			sourceTree = "<group>";
		};
		181386882515B3BE007767F8 /* Products */ = {
			isa = PBXGroup;
			children = (
				181386872515B3BE007767F8 /* Search_Swift.app */,
			);
			name = Products;
			sourceTree = "<group>";
		};
		181386892515B3BE007767F8 /* Search_Swift */ = {
			isa = PBXGroup;
			children = (
				181386AA2515BAA3007767F8 /* UserDefaultManager.swift */,
				18198502251715260047459B /* Extension.swift */,
				181386A22515BA09007767F8 /* Model */,
				181386A12515BA00007767F8 /* API */,
				181386AD2515BB1E007767F8 /* Search */,
				1813868A2515B3BE007767F8 /* AppDelegate.swift */,
				1813868C2515B3BE007767F8 /* SceneDelegate.swift */,
				1813868E2515B3BE007767F8 /* ViewController.swift */,
				181386902515B3BE007767F8 /* Main.storyboard */,
				181386932515B3C1007767F8 /* Assets.xcassets */,
				181386952515B3C1007767F8 /* LaunchScreen.storyboard */,
				181386982515B3C1007767F8 /* Info.plist */,
			);
			path = Search_Swift;
			sourceTree = "<group>";
		};
		181386A12515BA00007767F8 /* API */ = {
			isa = PBXGroup;
			children = (
				181386A42515BA38007767F8 /* SearchAPI.swift */,
				181386A82515BA83007767F8 /* APIResponse.swift */,
			);
			path = API;
			sourceTree = "<group>";
		};
		181386A22515BA09007767F8 /* Model */ = {
			isa = PBXGroup;
			children = (
				181386A62515BA5B007767F8 /* SearchInfo.swift */,
			);
			path = Model;
			sourceTree = "<group>";
		};
		181386AD2515BB1E007767F8 /* Search */ = {
			isa = PBXGroup;
			children = (
				181386B92515BC95007767F8 /* ViewCtr */,
				18682F7A2516E9CE009E135B /* CollectionCell */,
				181386B02515BC15007767F8 /* TableCell */,
			);
			path = Search;
			sourceTree = "<group>";
		};
		181386B02515BC15007767F8 /* TableCell */ = {
			isa = PBXGroup;
			children = (
				1838D0BF251720460075422A /* DetailCell */,
				181386B12515BC32007767F8 /* SearchDetailCell.swift */,
				181386B22515BC32007767F8 /* SearchDetailCell.xib */,
				181386B52515BC4F007767F8 /* SearchRelatedCell.swift */,
				181386B62515BC4F007767F8 /* SearchRelatedCell.xib */,
				181386BA2515CC20007767F8 /* SearchRecentCell.swift */,
				181386BB2515CC20007767F8 /* SearchRecentCell.xib */,
				1848467D251601B300946FAA /* SearchResultHeaderCell.swift */,
				1848469F25164B7900946FAA /* SearchResultHeaderCell.xib */,
			);
			path = TableCell;
			sourceTree = "<group>";
		};
		181386B92515BC95007767F8 /* ViewCtr */ = {
			isa = PBXGroup;
			children = (
				181386AE2515BB3F007767F8 /* SearchViewCtr.swift */,
				184846752515E5A000946FAA /* SearchDetailVewCtr.swift */,
				184846A1251653E800946FAA /* ScreenShotViewCtr.swift */,
				184846A52516542600946FAA /* ScreenShotViewCtr.storyboard */,
			);
			path = ViewCtr;
			sourceTree = "<group>";
		};
		1838D0BF251720460075422A /* DetailCell */ = {
			isa = PBXGroup;
			children = (
				184846A7251654B800946FAA /* ScreenShotTableCell.swift */,
				184846A8251654B800946FAA /* ScreenShotTableCell.xib */,
				1848469B25163EAC00946FAA /* DetailTableCell.swift */,
				1848469C25163EAC00946FAA /* DetailTableCell.xib */,
				18682F7B2516EF27009E135B /* DesDropTableCell.swift */,
				18682F7C2516EF27009E135B /* DesDropTableCell.xib */,
				181984FE25170F4F0047459B /* ReleaseDropCell.swift */,
				181984FF25170F4F0047459B /* ReleaseDropCell.xib */,
				1838D0C02517216E0075422A /* ProviderCell.swift */,
				1838D0C12517216E0075422A /* ProviderCell.xib */,
				1838D0C6251721A50075422A /* DetailCommonCell.swift */,
				1838D0C7251721A50075422A /* DetailCommonCell.xib */,
			);
			path = DetailCell;
			sourceTree = "<group>";
		};
		18682F7A2516E9CE009E135B /* CollectionCell */ = {
			isa = PBXGroup;
			children = (
				1848469725163E8200946FAA /* DetailCollectionCell.swift */,
				1848469825163E8200946FAA /* DetailCollectionCell.xib */,
				184846AB251654DA00946FAA /* ScreenShotCollectionCell.swift */,
				184846AC251654DA00946FAA /* ScreenShotCollectionCell.xib */,
			);
			path = CollectionCell;
			sourceTree = "<group>";
		};
/* End PBXGroup section */

/* Begin PBXNativeTarget section */
		181386862515B3BE007767F8 /* Search_Swift */ = {
			isa = PBXNativeTarget;
			buildConfigurationList = 1813869B2515B3C1007767F8 /* Build configuration list for PBXNativeTarget "Search_Swift" */;
			buildPhases = (
				181386832515B3BE007767F8 /* Sources */,
				181386842515B3BE007767F8 /* Frameworks */,
				181386852515B3BE007767F8 /* Resources */,
			);
			buildRules = (
			);
			dependencies = (
			);
			name = Search_Swift;
			packageProductDependencies = (
				1813869F2515B9FD007767F8 /* Cosmos */,
			);
			productName = Search_Swift;
			productReference = 181386872515B3BE007767F8 /* Search_Swift.app */;
			productType = "com.apple.product-type.application";
		};
/* End PBXNativeTarget section */

/* Begin PBXProject section */
		1813867F2515B3BE007767F8 /* Project object */ = {
			isa = PBXProject;
			attributes = {
				LastSwiftUpdateCheck = 1150;
				LastUpgradeCheck = 1150;
				ORGANIZATIONNAME = KeunHyeong;
				TargetAttributes = {
					181386862515B3BE007767F8 = {
						CreatedOnToolsVersion = 11.5;
					};
				};
			};
			buildConfigurationList = 181386822515B3BE007767F8 /* Build configuration list for PBXProject "Search_Swift" */;
			compatibilityVersion = "Xcode 9.3";
			developmentRegion = en;
			hasScannedForEncodings = 0;
			knownRegions = (
				en,
				Base,
			);
			mainGroup = 1813867E2515B3BE007767F8;
			packageReferences = (
				1813869E2515B9FD007767F8 /* XCRemoteSwiftPackageReference "Cosmos" */,
			);
			productRefGroup = 181386882515B3BE007767F8 /* Products */;
			projectDirPath = "";
			projectRoot = "";
			targets = (
				181386862515B3BE007767F8 /* Search_Swift */,
			);
		};
/* End PBXProject section */

/* Begin PBXResourcesBuildPhase section */
		181386852515B3BE007767F8 /* Resources */ = {
			isa = PBXResourcesBuildPhase;
			buildActionMask = 2147483647;
			files = (
				1848469A25163E8200946FAA /* DetailCollectionCell.xib in Resources */,
				1838D0C9251721A50075422A /* DetailCommonCell.xib in Resources */,
				181386BD2515CC20007767F8 /* SearchRecentCell.xib in Resources */,
				18682F7E2516EF27009E135B /* DesDropTableCell.xib in Resources */,
				181386B82515BC4F007767F8 /* SearchRelatedCell.xib in Resources */,
				184846AE251654DA00946FAA /* ScreenShotCollectionCell.xib in Resources */,
				1838D0C32517216E0075422A /* ProviderCell.xib in Resources */,
				184846AA251654B800946FAA /* ScreenShotTableCell.xib in Resources */,
				181386972515B3C1007767F8 /* LaunchScreen.storyboard in Resources */,
				181386942515B3C1007767F8 /* Assets.xcassets in Resources */,
				1819850125170F4F0047459B /* ReleaseDropCell.xib in Resources */,
				184846A025164B7900946FAA /* SearchResultHeaderCell.xib in Resources */,
				181386B42515BC32007767F8 /* SearchDetailCell.xib in Resources */,
				184846A62516542600946FAA /* ScreenShotViewCtr.storyboard in Resources */,
				181386922515B3BE007767F8 /* Main.storyboard in Resources */,
				1848469E25163EAC00946FAA /* DetailTableCell.xib in Resources */,
			);
			runOnlyForDeploymentPostprocessing = 0;
		};
/* End PBXResourcesBuildPhase section */

/* Begin PBXSourcesBuildPhase section */
		181386832515B3BE007767F8 /* Sources */ = {
			isa = PBXSourcesBuildPhase;
			buildActionMask = 2147483647;
			files = (
				181386AF2515BB3F007767F8 /* SearchViewCtr.swift in Sources */,
				181386AB2515BAA3007767F8 /* UserDefaultManager.swift in Sources */,
				1813868F2515B3BE007767F8 /* ViewController.swift in Sources */,
				1838D0C8251721A50075422A /* DetailCommonCell.swift in Sources */,
				184846762515E5A000946FAA /* SearchDetailVewCtr.swift in Sources */,
				1838D0C22517216E0075422A /* ProviderCell.swift in Sources */,
				184846A2251653E800946FAA /* ScreenShotViewCtr.swift in Sources */,
				184846A9251654B800946FAA /* ScreenShotTableCell.swift in Sources */,
				181386B32515BC32007767F8 /* SearchDetailCell.swift in Sources */,
				1813868B2515B3BE007767F8 /* AppDelegate.swift in Sources */,
				181386B72515BC4F007767F8 /* SearchRelatedCell.swift in Sources */,
				18198503251715260047459B /* Extension.swift in Sources */,
				181386A72515BA5B007767F8 /* SearchInfo.swift in Sources */,
				1819850025170F4F0047459B /* ReleaseDropCell.swift in Sources */,
				1848469D25163EAC00946FAA /* DetailTableCell.swift in Sources */,
				184846AD251654DA00946FAA /* ScreenShotCollectionCell.swift in Sources */,
				181386A52515BA38007767F8 /* SearchAPI.swift in Sources */,
				181386BC2515CC20007767F8 /* SearchRecentCell.swift in Sources */,
				18682F7D2516EF27009E135B /* DesDropTableCell.swift in Sources */,
				1813868D2515B3BE007767F8 /* SceneDelegate.swift in Sources */,
				1848469925163E8200946FAA /* DetailCollectionCell.swift in Sources */,
				181386A92515BA83007767F8 /* APIResponse.swift in Sources */,
				1848467F251601B300946FAA /* SearchResultHeaderCell.swift in Sources */,
			);
			runOnlyForDeploymentPostprocessing = 0;
		};
/* End PBXSourcesBuildPhase section */

/* Begin PBXVariantGroup section */
		181386902515B3BE007767F8 /* Main.storyboard */ = {
			isa = PBXVariantGroup;
			children = (
				181386912515B3BE007767F8 /* Base */,
			);
			name = Main.storyboard;
			sourceTree = "<group>";
		};
		181386952515B3C1007767F8 /* LaunchScreen.storyboard */ = {
			isa = PBXVariantGroup;
			children = (
				181386962515B3C1007767F8 /* Base */,
			);
			name = LaunchScreen.storyboard;
			sourceTree = "<group>";
		};
/* End PBXVariantGroup section */

/* Begin XCBuildConfiguration section */
		181386992515B3C1007767F8 /* Debug */ = {
			isa = XCBuildConfiguration;
			buildSettings = {
				ALWAYS_SEARCH_USER_PATHS = NO;
				CLANG_ANALYZER_NONNULL = YES;
				CLANG_ANALYZER_NUMBER_OBJECT_CONVERSION = YES_AGGRESSIVE;
				CLANG_CXX_LANGUAGE_STANDARD = "gnu++14";
				CLANG_CXX_LIBRARY = "libc++";
				CLANG_ENABLE_MODULES = YES;
				CLANG_ENABLE_OBJC_ARC = YES;
				CLANG_ENABLE_OBJC_WEAK = YES;
				CLANG_WARN_BLOCK_CAPTURE_AUTORELEASING = YES;
				CLANG_WARN_BOOL_CONVERSION = YES;
				CLANG_WARN_COMMA = YES;
				CLANG_WARN_CONSTANT_CONVERSION = YES;
				CLANG_WARN_DEPRECATED_OBJC_IMPLEMENTATIONS = YES;
				CLANG_WARN_DIRECT_OBJC_ISA_USAGE = YES_ERROR;
				CLANG_WARN_DOCUMENTATION_COMMENTS = YES;
				CLANG_WARN_EMPTY_BODY = YES;
				CLANG_WARN_ENUM_CONVERSION = YES;
				CLANG_WARN_INFINITE_RECURSION = YES;
				CLANG_WARN_INT_CONVERSION = YES;
				CLANG_WARN_NON_LITERAL_NULL_CONVERSION = YES;
				CLANG_WARN_OBJC_IMPLICIT_RETAIN_SELF = YES;
				CLANG_WARN_OBJC_LITERAL_CONVERSION = YES;
				CLANG_WARN_OBJC_ROOT_CLASS = YES_ERROR;
				CLANG_WARN_RANGE_LOOP_ANALYSIS = YES;
				CLANG_WARN_STRICT_PROTOTYPES = YES;
				CLANG_WARN_SUSPICIOUS_MOVE = YES;
				CLANG_WARN_UNGUARDED_AVAILABILITY = YES_AGGRESSIVE;
				CLANG_WARN_UNREACHABLE_CODE = YES;
				CLANG_WARN__DUPLICATE_METHOD_MATCH = YES;
				COPY_PHASE_STRIP = NO;
				DEBUG_INFORMATION_FORMAT = dwarf;
				ENABLE_STRICT_OBJC_MSGSEND = YES;
				ENABLE_TESTABILITY = YES;
				GCC_C_LANGUAGE_STANDARD = gnu11;
				GCC_DYNAMIC_NO_PIC = NO;
				GCC_NO_COMMON_BLOCKS = YES;
				GCC_OPTIMIZATION_LEVEL = 0;
				GCC_PREPROCESSOR_DEFINITIONS = (
					"DEBUG=1",
					"$(inherited)",
				);
				GCC_WARN_64_TO_32_BIT_CONVERSION = YES;
				GCC_WARN_ABOUT_RETURN_TYPE = YES_ERROR;
				GCC_WARN_UNDECLARED_SELECTOR = YES;
				GCC_WARN_UNINITIALIZED_AUTOS = YES_AGGRESSIVE;
				GCC_WARN_UNUSED_FUNCTION = YES;
				GCC_WARN_UNUSED_VARIABLE = YES;
				IPHONEOS_DEPLOYMENT_TARGET = 13.5;
				MTL_ENABLE_DEBUG_INFO = INCLUDE_SOURCE;
				MTL_FAST_MATH = YES;
				ONLY_ACTIVE_ARCH = YES;
				SDKROOT = iphoneos;
				SWIFT_ACTIVE_COMPILATION_CONDITIONS = DEBUG;
				SWIFT_OPTIMIZATION_LEVEL = "-Onone";
			};
			name = Debug;
		};
		1813869A2515B3C1007767F8 /* Release */ = {
			isa = XCBuildConfiguration;
			buildSettings = {
				ALWAYS_SEARCH_USER_PATHS = NO;
				CLANG_ANALYZER_NONNULL = YES;
				CLANG_ANALYZER_NUMBER_OBJECT_CONVERSION = YES_AGGRESSIVE;
				CLANG_CXX_LANGUAGE_STANDARD = "gnu++14";
				CLANG_CXX_LIBRARY = "libc++";
				CLANG_ENABLE_MODULES = YES;
				CLANG_ENABLE_OBJC_ARC = YES;
				CLANG_ENABLE_OBJC_WEAK = YES;
				CLANG_WARN_BLOCK_CAPTURE_AUTORELEASING = YES;
				CLANG_WARN_BOOL_CONVERSION = YES;
				CLANG_WARN_COMMA = YES;
				CLANG_WARN_CONSTANT_CONVERSION = YES;
				CLANG_WARN_DEPRECATED_OBJC_IMPLEMENTATIONS = YES;
				CLANG_WARN_DIRECT_OBJC_ISA_USAGE = YES_ERROR;
				CLANG_WARN_DOCUMENTATION_COMMENTS = YES;
				CLANG_WARN_EMPTY_BODY = YES;
				CLANG_WARN_ENUM_CONVERSION = YES;
				CLANG_WARN_INFINITE_RECURSION = YES;
				CLANG_WARN_INT_CONVERSION = YES;
				CLANG_WARN_NON_LITERAL_NULL_CONVERSION = YES;
				CLANG_WARN_OBJC_IMPLICIT_RETAIN_SELF = YES;
				CLANG_WARN_OBJC_LITERAL_CONVERSION = YES;
				CLANG_WARN_OBJC_ROOT_CLASS = YES_ERROR;
				CLANG_WARN_RANGE_LOOP_ANALYSIS = YES;
				CLANG_WARN_STRICT_PROTOTYPES = YES;
				CLANG_WARN_SUSPICIOUS_MOVE = YES;
				CLANG_WARN_UNGUARDED_AVAILABILITY = YES_AGGRESSIVE;
				CLANG_WARN_UNREACHABLE_CODE = YES;
				CLANG_WARN__DUPLICATE_METHOD_MATCH = YES;
				COPY_PHASE_STRIP = NO;
				DEBUG_INFORMATION_FORMAT = "dwarf-with-dsym";
				ENABLE_NS_ASSERTIONS = NO;
				ENABLE_STRICT_OBJC_MSGSEND = YES;
				GCC_C_LANGUAGE_STANDARD = gnu11;
				GCC_NO_COMMON_BLOCKS = YES;
				GCC_WARN_64_TO_32_BIT_CONVERSION = YES;
				GCC_WARN_ABOUT_RETURN_TYPE = YES_ERROR;
				GCC_WARN_UNDECLARED_SELECTOR = YES;
				GCC_WARN_UNINITIALIZED_AUTOS = YES_AGGRESSIVE;
				GCC_WARN_UNUSED_FUNCTION = YES;
				GCC_WARN_UNUSED_VARIABLE = YES;
				IPHONEOS_DEPLOYMENT_TARGET = 13.5;
				MTL_ENABLE_DEBUG_INFO = NO;
				MTL_FAST_MATH = YES;
				SDKROOT = iphoneos;
				SWIFT_COMPILATION_MODE = wholemodule;
				SWIFT_OPTIMIZATION_LEVEL = "-O";
				VALIDATE_PRODUCT = YES;
			};
			name = Release;
		};
		1813869C2515B3C1007767F8 /* Debug */ = {
			isa = XCBuildConfiguration;
			buildSettings = {
				ASSETCATALOG_COMPILER_APPICON_NAME = AppIcon;
				CODE_SIGN_STYLE = Automatic;
				DEVELOPMENT_TEAM = PMFU8Q53PV;
				INFOPLIST_FILE = Search_Swift/Info.plist;
				LD_RUNPATH_SEARCH_PATHS = (
					"$(inherited)",
					"@executable_path/Frameworks",
				);
				PRODUCT_BUNDLE_IDENTIFIER = "com.keunhyeong.Search-Swift";
				PRODUCT_NAME = "$(TARGET_NAME)";
				SWIFT_VERSION = 5.0;
				TARGETED_DEVICE_FAMILY = "1,2";
			};
			name = Debug;
		};
		1813869D2515B3C1007767F8 /* Release */ = {
			isa = XCBuildConfiguration;
			buildSettings = {
				ASSETCATALOG_COMPILER_APPICON_NAME = AppIcon;
				CODE_SIGN_STYLE = Automatic;
				DEVELOPMENT_TEAM = PMFU8Q53PV;
				INFOPLIST_FILE = Search_Swift/Info.plist;
				LD_RUNPATH_SEARCH_PATHS = (
					"$(inherited)",
					"@executable_path/Frameworks",
				);
				PRODUCT_BUNDLE_IDENTIFIER = "com.keunhyeong.Search-Swift";
				PRODUCT_NAME = "$(TARGET_NAME)";
				SWIFT_VERSION = 5.0;
				TARGETED_DEVICE_FAMILY = "1,2";
			};
			name = Release;
		};
/* End XCBuildConfiguration section */

/* Begin XCConfigurationList section */
		181386822515B3BE007767F8 /* Build configuration list for PBXProject "Search_Swift" */ = {
			isa = XCConfigurationList;
			buildConfigurations = (
				181386992515B3C1007767F8 /* Debug */,
				1813869A2515B3C1007767F8 /* Release */,
			);
			defaultConfigurationIsVisible = 0;
			defaultConfigurationName = Release;
		};
		1813869B2515B3C1007767F8 /* Build configuration list for PBXNativeTarget "Search_Swift" */ = {
			isa = XCConfigurationList;
			buildConfigurations = (
				1813869C2515B3C1007767F8 /* Debug */,
				1813869D2515B3C1007767F8 /* Release */,
			);
			defaultConfigurationIsVisible = 0;
			defaultConfigurationName = Release;
		};
/* End XCConfigurationList section */

/* Begin XCRemoteSwiftPackageReference section */
		1813869E2515B9FD007767F8 /* XCRemoteSwiftPackageReference "Cosmos" */ = {
			isa = XCRemoteSwiftPackageReference;
			repositoryURL = "https://github.com/evgenyneu/Cosmos.git";
			requirement = {
				kind = upToNextMajorVersion;
				minimumVersion = 23.0.0;
			};
		};
/* End XCRemoteSwiftPackageReference section */

/* Begin XCSwiftPackageProductDependency section */
		1813869F2515B9FD007767F8 /* Cosmos */ = {
			isa = XCSwiftPackageProductDependency;
			package = 1813869E2515B9FD007767F8 /* XCRemoteSwiftPackageReference "Cosmos" */;
			productName = Cosmos;
		};
/* End XCSwiftPackageProductDependency section */
	};
	rootObject = 1813867F2515B3BE007767F8 /* Project object */;
}
